
Microsoft Visual Studio Solution File, Format Version 12.00
# Visual Studio Version 16
VisualStudioVersion = 16.0.31702.278
MinimumVisualStudioVersion = 10.0.40219.1
Project("{FAE04EC0-301F-11D3-BF4B-00C04F79EFBC}") = "ApuradorMensal", "ApuradorMensal.csproj", "{5C7AE63E-93AF-43A0-99E1-FDC238EBF9EF}"
EndProject
Global
	GlobalSection(SolutionConfigurationPlatforms) = preSolution
		Debug|Any CPU = Debug|Any CPU
		Release|Any CPU = Release|Any CPU
	EndGlobalSection
	GlobalSection(ProjectConfigurationPlatforms) = postSolution
		{5C7AE63E-93AF-43A0-99E1-FDC238EBF9EF}.Debug|Any CPU.ActiveCfg = Debug|Any CPU
		{5C7AE63E-93AF-43A0-99E1-FDC238EBF9EF}.Debug|Any CPU.Build.0 = Debug|Any CPU
		{5C7AE63E-93AF-43A0-99E1-FDC238EBF9EF}.Release|Any CPU.ActiveCfg = Release|Any CPU
		{5C7AE63E-93AF-43A0-99E1-FDC238EBF9EF}.Release|Any CPU.Build.0 = Release|Any CPU
	EndGlobalSection
	GlobalSection(SolutionProperties) = preSolution
		HideSolutionNode = FALSE
	EndGlobalSection
	GlobalSection(ExtensibilityGlobals) = postSolution
		SolutionGuid = {47402A06-96AB-4044-BEAE-1679C7CA2737}
	EndGlobalSection
EndGlobal
